<Solution>
  <Project Path="ClockApp.Domain/ClockApp.Domain.csproj" />
  <Project Path="ClockApp.Domain.Tests/ClockApp.Domain.Tests.csproj" />
  <Project Path="ClockApp.Application/ClockApp.Application.csproj" />
  <Project Path="ClockApp.Application.Tests/ClockApp.Application.Tests.csproj" />
  <Project Path="ClockApp.Infrastructure/ClockApp.Infrastructure.csproj" />
  <Project Path="ClockApp.Maui/ClockApp.Maui.csproj" />
  <Project Path="ClockApp.UITests.Shared/ClockApp.UITests.Shared.csproj" />
</Solution>
